
Microsoft Visual Studio Solution File, Format Version 12.00
# Visual Studio Version 17
VisualStudioVersion = 17.9.34728.123
MinimumVisualStudioVersion = 10.0.40219.1
Project("{9A19103F-16F7-4668-BE54-9A1E7A4F7556}") = "NetBootcamp.API", "NetBootcamp.API\NetBootcamp.API.csproj", "{3EC48896-FA86-44D9-9338-0F668478241B}"
EndProject
Project("{FAE04EC0-301F-11D3-BF4B-00C04F79EFBC}") = "NetBootcamp.Web", "NetBootcamp.Web\NetBootcamp.Web.csproj", "{14E65C9D-3357-445C-B988-8B04689C1299}"
EndProject
Project("{9A19103F-16F7-4668-BE54-9A1E7A4F7556}") = "NetBootcamp.Services", "NetBootcamp.Services\NetBootcamp.Services.csproj", "{89C1D02E-5E57-4483-A559-9B5580A74FD9}"
EndProject
Project("{9A19103F-16F7-4668-BE54-9A1E7A4F7556}") = "NetBootcamp.Repository", "NetBootcamp.Repository\NetBootcamp.Repository.csproj", "{1370C518-B22D-432D-A64B-2FEA7B4EB254}"
EndProject
Project("{2150E333-8FDC-42A3-9474-1A3956D46DE8}") = "NLayer", "NLayer", "{C3B25C90-43E1-4A8F-BA5E-DA8ABF2EE839}"
EndProject
Project("{2150E333-8FDC-42A3-9474-1A3956D46DE8}") = "CleanArchitecture", "CleanArchitecture", "{05C88D2E-FD61-48BE-BBF2-914CDE42A58A}"
EndProject
Project("{FAE04EC0-301F-11D3-BF4B-00C04F79EFBC}") = "Bootcamp.Domain", "Bootcamp.Domain\Bootcamp.Domain.csproj", "{96A57AF4-E6B6-41ED-B443-D8D02B4210C8}"
EndProject
Project("{FAE04EC0-301F-11D3-BF4B-00C04F79EFBC}") = "Bootcamp.Application", "Bootcamp.Application\Bootcamp.Application.csproj", "{6FFB3805-7C74-444F-B9E0-5FE47672BE99}"
EndProject
Project("{FAE04EC0-301F-11D3-BF4B-00C04F79EFBC}") = "Bootcamp.Persistance", "Bootcamp.Persistance\Bootcamp.Persistance.csproj", "{F59F1554-9F68-459C-B9A4-E316C8D7ED00}"
EndProject
Project("{FAE04EC0-301F-11D3-BF4B-00C04F79EFBC}") = "Bootcamp.API", "Bootcamp.API\Bootcamp.API.csproj", "{819BA386-3D10-4310-AE7E-1A58B013E5DE}"
EndProject
Project("{FAE04EC0-301F-11D3-BF4B-00C04F79EFBC}") = "Bootcamp.Cache", "Bootcamp.Cache\Bootcamp.Cache.csproj", "{95D7F95F-9A83-4ADE-B7D0-A90CE56B291A}"
EndProject
Global
	GlobalSection(SolutionConfigurationPlatforms) = preSolution
		Debug|Any CPU = Debug|Any CPU
		Release|Any CPU = Release|Any CPU
	EndGlobalSection
	GlobalSection(ProjectConfigurationPlatforms) = postSolution
		{3EC48896-FA86-44D9-9338-0F668478241B}.Debug|Any CPU.ActiveCfg = Debug|Any CPU
		{3EC48896-FA86-44D9-9338-0F668478241B}.Debug|Any CPU.Build.0 = Debug|Any CPU
		{3EC48896-FA86-44D9-9338-0F668478241B}.Release|Any CPU.ActiveCfg = Release|Any CPU
		{3EC48896-FA86-44D9-9338-0F668478241B}.Release|Any CPU.Build.0 = Release|Any CPU
		{14E65C9D-3357-445C-B988-8B04689C1299}.Debug|Any CPU.ActiveCfg = Debug|Any CPU
		{14E65C9D-3357-445C-B988-8B04689C1299}.Debug|Any CPU.Build.0 = Debug|Any CPU
		{14E65C9D-3357-445C-B988-8B04689C1299}.Release|Any CPU.ActiveCfg = Release|Any CPU
		{14E65C9D-3357-445C-B988-8B04689C1299}.Release|Any CPU.Build.0 = Release|Any CPU
		{89C1D02E-5E57-4483-A559-9B5580A74FD9}.Debug|Any CPU.ActiveCfg = Debug|Any CPU
		{89C1D02E-5E57-4483-A559-9B5580A74FD9}.Debug|Any CPU.Build.0 = Debug|Any CPU
		{89C1D02E-5E57-4483-A559-9B5580A74FD9}.Release|Any CPU.ActiveCfg = Release|Any CPU
		{89C1D02E-5E57-4483-A559-9B5580A74FD9}.Release|Any CPU.Build.0 = Release|Any CPU
		{1370C518-B22D-432D-A64B-2FEA7B4EB254}.Debug|Any CPU.ActiveCfg = Debug|Any CPU
		{1370C518-B22D-432D-A64B-2FEA7B4EB254}.Debug|Any CPU.Build.0 = Debug|Any CPU
		{1370C518-B22D-432D-A64B-2FEA7B4EB254}.Release|Any CPU.ActiveCfg = Release|Any CPU
		{1370C518-B22D-432D-A64B-2FEA7B4EB254}.Release|Any CPU.Build.0 = Release|Any CPU
		{96A57AF4-E6B6-41ED-B443-D8D02B4210C8}.Debug|Any CPU.ActiveCfg = Debug|Any CPU
		{96A57AF4-E6B6-41ED-B443-D8D02B4210C8}.Debug|Any CPU.Build.0 = Debug|Any CPU
		{96A57AF4-E6B6-41ED-B443-D8D02B4210C8}.Release|Any CPU.ActiveCfg = Release|Any CPU
		{96A57AF4-E6B6-41ED-B443-D8D02B4210C8}.Release|Any CPU.Build.0 = Release|Any CPU
		{6FFB3805-7C74-444F-B9E0-5FE47672BE99}.Debug|Any CPU.ActiveCfg = Debug|Any CPU
		{6FFB3805-7C74-444F-B9E0-5FE47672BE99}.Debug|Any CPU.Build.0 = Debug|Any CPU
		{6FFB3805-7C74-444F-B9E0-5FE47672BE99}.Release|Any CPU.ActiveCfg = Release|Any CPU
		{6FFB3805-7C74-444F-B9E0-5FE47672BE99}.Release|Any CPU.Build.0 = Release|Any CPU
		{F59F1554-9F68-459C-B9A4-E316C8D7ED00}.Debug|Any CPU.ActiveCfg = Debug|Any CPU
		{F59F1554-9F68-459C-B9A4-E316C8D7ED00}.Debug|Any CPU.Build.0 = Debug|Any CPU
		{F59F1554-9F68-459C-B9A4-E316C8D7ED00}.Release|Any CPU.ActiveCfg = Release|Any CPU
		{F59F1554-9F68-459C-B9A4-E316C8D7ED00}.Release|Any CPU.Build.0 = Release|Any CPU
		{819BA386-3D10-4310-AE7E-1A58B013E5DE}.Debug|Any CPU.ActiveCfg = Debug|Any CPU
		{819BA386-3D10-4310-AE7E-1A58B013E5DE}.Debug|Any CPU.Build.0 = Debug|Any CPU
		{819BA386-3D10-4310-AE7E-1A58B013E5DE}.Release|Any CPU.ActiveCfg = Release|Any CPU
		{819BA386-3D10-4310-AE7E-1A58B013E5DE}.Release|Any CPU.Build.0 = Release|Any CPU
		{95D7F95F-9A83-4ADE-B7D0-A90CE56B291A}.Debug|Any CPU.ActiveCfg = Debug|Any CPU
		{95D7F95F-9A83-4ADE-B7D0-A90CE56B291A}.Debug|Any CPU.Build.0 = Debug|Any CPU
		{95D7F95F-9A83-4ADE-B7D0-A90CE56B291A}.Release|Any CPU.ActiveCfg = Release|Any CPU
		{95D7F95F-9A83-4ADE-B7D0-A90CE56B291A}.Release|Any CPU.Build.0 = Release|Any CPU
	EndGlobalSection
	GlobalSection(SolutionProperties) = preSolution
		HideSolutionNode = FALSE
	EndGlobalSection
	GlobalSection(NestedProjects) = preSolution
		{3EC48896-FA86-44D9-9338-0F668478241B} = {C3B25C90-43E1-4A8F-BA5E-DA8ABF2EE839}
		{14E65C9D-3357-445C-B988-8B04689C1299} = {C3B25C90-43E1-4A8F-BA5E-DA8ABF2EE839}
		{89C1D02E-5E57-4483-A559-9B5580A74FD9} = {C3B25C90-43E1-4A8F-BA5E-DA8ABF2EE839}
		{1370C518-B22D-432D-A64B-2FEA7B4EB254} = {C3B25C90-43E1-4A8F-BA5E-DA8ABF2EE839}
		{96A57AF4-E6B6-41ED-B443-D8D02B4210C8} = {05C88D2E-FD61-48BE-BBF2-914CDE42A58A}
		{6FFB3805-7C74-444F-B9E0-5FE47672BE99} = {05C88D2E-FD61-48BE-BBF2-914CDE42A58A}
		{F59F1554-9F68-459C-B9A4-E316C8D7ED00} = {05C88D2E-FD61-48BE-BBF2-914CDE42A58A}
		{819BA386-3D10-4310-AE7E-1A58B013E5DE} = {05C88D2E-FD61-48BE-BBF2-914CDE42A58A}
		{95D7F95F-9A83-4ADE-B7D0-A90CE56B291A} = {05C88D2E-FD61-48BE-BBF2-914CDE42A58A}
	EndGlobalSection
	GlobalSection(ExtensibilityGlobals) = postSolution
		SolutionGuid = {38653C55-8B2E-4896-8AB2-88B40571551B}
	EndGlobalSection
EndGlobal
