
Microsoft Visual Studio Solution File, Format Version 12.00
# Visual Studio Version 17
VisualStudioVersion = 17.9.34728.123
MinimumVisualStudioVersion = 10.0.40219.1
Project("{9A19103F-16F7-4668-BE54-9A1E7A4F7556}") = "NetBootcamp.API", "NetBootcamp.API\NetBootcamp.API.csproj", "{3EC48896-FA86-44D9-9338-0F668478241B}"
EndProject
Project("{FAE04EC0-301F-11D3-BF4B-00C04F79EFBC}") = "NetBootcamp.Web", "NetBootcamp.Web\NetBootcamp.Web.csproj", "{14E65C9D-3357-445C-B988-8B04689C1299}"
EndProject
Project("{FAE04EC0-301F-11D3-BF4B-00C04F79EFBC}") = "NetBootcamp.Services", "NetBootcamp.Services\NetBootcamp.Services.csproj", "{89C1D02E-5E57-4483-A559-9B5580A74FD9}"
EndProject
Project("{FAE04EC0-301F-11D3-BF4B-00C04F79EFBC}") = "NetBootcamp.Repository", "NetBootcamp.Repository\NetBootcamp.Repository.csproj", "{1370C518-B22D-432D-A64B-2FEA7B4EB254}"
EndProject
Global
	GlobalSection(SolutionConfigurationPlatforms) = preSolution
		Debug|Any CPU = Debug|Any CPU
		Release|Any CPU = Release|Any CPU
	EndGlobalSection
	GlobalSection(ProjectConfigurationPlatforms) = postSolution
		{3EC48896-FA86-44D9-9338-0F668478241B}.Debug|Any CPU.ActiveCfg = Debug|Any CPU
		{3EC48896-FA86-44D9-9338-0F668478241B}.Debug|Any CPU.Build.0 = Debug|Any CPU
		{3EC48896-FA86-44D9-9338-0F668478241B}.Release|Any CPU.ActiveCfg = Release|Any CPU
		{3EC48896-FA86-44D9-9338-0F668478241B}.Release|Any CPU.Build.0 = Release|Any CPU
		{14E65C9D-3357-445C-B988-8B04689C1299}.Debug|Any CPU.ActiveCfg = Debug|Any CPU
		{14E65C9D-3357-445C-B988-8B04689C1299}.Debug|Any CPU.Build.0 = Debug|Any CPU
		{14E65C9D-3357-445C-B988-8B04689C1299}.Release|Any CPU.ActiveCfg = Release|Any CPU
		{14E65C9D-3357-445C-B988-8B04689C1299}.Release|Any CPU.Build.0 = Release|Any CPU
		{89C1D02E-5E57-4483-A559-9B5580A74FD9}.Debug|Any CPU.ActiveCfg = Debug|Any CPU
		{89C1D02E-5E57-4483-A559-9B5580A74FD9}.Debug|Any CPU.Build.0 = Debug|Any CPU
		{89C1D02E-5E57-4483-A559-9B5580A74FD9}.Release|Any CPU.ActiveCfg = Release|Any CPU
		{89C1D02E-5E57-4483-A559-9B5580A74FD9}.Release|Any CPU.Build.0 = Release|Any CPU
		{1370C518-B22D-432D-A64B-2FEA7B4EB254}.Debug|Any CPU.ActiveCfg = Debug|Any CPU
		{1370C518-B22D-432D-A64B-2FEA7B4EB254}.Debug|Any CPU.Build.0 = Debug|Any CPU
		{1370C518-B22D-432D-A64B-2FEA7B4EB254}.Release|Any CPU.ActiveCfg = Release|Any CPU
		{1370C518-B22D-432D-A64B-2FEA7B4EB254}.Release|Any CPU.Build.0 = Release|Any CPU
	EndGlobalSection
	GlobalSection(SolutionProperties) = preSolution
		HideSolutionNode = FALSE
	EndGlobalSection
	GlobalSection(ExtensibilityGlobals) = postSolution
		SolutionGuid = {38653C55-8B2E-4896-8AB2-88B40571551B}
	EndGlobalSection
EndGlobal
